<?xml version="1.0" encoding="UTF-8" standalone="yes" ?>
<CodeBlocks_project_file>
	<FileVersion major="1" minor="6" />
	<Project>
		<Option title="PokemonProject" />
		<Option pch_mode="2" />
		<Option compiler="gcc" />
		<Build>
			<Target title="default">
				<Option output="PokemonProject" prefix_auto="1" extension_auto="1" />
				<Option type="1" />
				<Option compiler="gcc" />
			</Target>
		</Build>
		<Unit filename="battle.c">
			<Option compilerVar="CC" />
		</Unit>
		<Unit filename="battle.h">
			<Option compilerVar="CC" />
		</Unit>
		<Unit filename="gym.c">
			<Option compilerVar="CC" />
		</Unit>
		<Unit filename="gym.h">
			<Option compilerVar="CC" />
		</Unit>
		<Unit filename="main.c">
			<Option compilerVar="CC" />
		</Unit>
		<Unit filename="pokemon.c">
			<Option compilerVar="CC" />
		</Unit>
		<Unit filename="pokemon.h">
			<Option compilerVar="CC" />
		</Unit>
		<Unit filename="trainer.c">
			<Option compilerVar="CC" />
		</Unit>
		<Unit filename="trainer.h">
			<Option compilerVar="CC" />
		</Unit>
		<Extensions>
			<lib_finder disable_auto="1" />
		</Extensions>
	</Project>
</CodeBlocks_project_file>
